{
  "name": "acts-util-core-tests",
  "version": "1.0.0",
  "lockfileVersion": 3,
  "requires": true,
  "packages": {
    "": {
      "name": "acts-util-core-tests",
      "version": "1.0.0",
      "license": "AGPL-3.0-only",
      "dependencies": {
        "@aczwink/acts-util-core": "^1.0.0",
        "@aczwink/acts-util-test": "^1.0.0"
      },
      "devDependencies": {
        "typescript": "^3.9.7"
      }
    },
    "node_modules/@aczwink/acts-util-core": {
      "version": "1.0.0",
      "resolved": "https://npm.pkg.github.com/download/@aczwink/acts-util-core/1.0.0/651f4d91ddd907154c63ee17f62f119c2cc07a47",
      "integrity": "sha512-agQpPcktET9Rf/Ccve4fEPvrNaZJg4WKXihygQFEGqvWZ4i5JJui8n3z2F+J938MJ7DOhJjiptJKTgK7tWopcw==",
      "license": "AGPL-3.0-only",
      "dependencies": {
        "reflect-metadata": "^0.2.2"
      }
    },
    "node_modules/@aczwink/acts-util-test": {
      "version": "1.0.0",
      "resolved": "https://npm.pkg.github.com/download/@aczwink/acts-util-test/1.0.0/73d351714ec8b332977d832ca6c7a6cf96c0772b",
      "integrity": "sha512-37KFGL0Jgmnpz6v81RanvBVSgcdeSk6kyddAFahE37ZCjtGvEwcHG/XcYlKJQ+LRA51iFHPO6R2L2AnHAs58tA==",
      "license": "AGPL-3.0-only",
      "dependencies": {
        "@aczwink/acts-util-core": "^1.0.0"
      }
    },
    "node_modules/reflect-metadata": {
      "version": "0.2.2",
      "resolved": "https://registry.npmjs.org/reflect-metadata/-/reflect-metadata-0.2.2.tgz",
      "integrity": "sha512-urBwgfrvVP/eAyXx4hluJivBKzuEbSQs9rKWCrCkbSxNv8mxPcUZKeuoF3Uy4mJl3Lwprp6yy5/39VWigZ4K6Q==",
      "license": "Apache-2.0"
    },
    "node_modules/typescript": {
      "version": "3.9.10",
      "resolved": "https://registry.npmjs.org/typescript/-/typescript-3.9.10.tgz",
      "integrity": "sha512-w6fIxVE/H1PkLKcCPsFqKE7Kv7QUwhU8qQY2MueZXWx5cPZdwFupLgKK3vntcK98BtNHZtAF4LA/yl2a7k8R6Q==",
      "dev": true,
      "license": "Apache-2.0",
      "bin": {
        "tsc": "bin/tsc",
        "tsserver": "bin/tsserver"
      },
      "engines": {
        "node": ">=4.2.0"
      }
    }
  }
}
